
Microsoft Visual Studio Solution File, Format Version 12.00
# Visual Studio Version 17
VisualStudioVersion = 17.0.32014.148
MinimumVisualStudioVersion = 10.0.40219.1
Project("{FAE04EC0-301F-11D3-BF4B-00C04F79EFBC}") = "CRUDEstatusAlumnos", "CRUDEstatusAlumnos\CRUDEstatusAlumnos.csproj", "{8407DAA7-47DC-4724-AA14-FD3A442B48B6}"
EndProject
Global
	GlobalSection(SolutionConfigurationPlatforms) = preSolution
		Debug|Any CPU = Debug|Any CPU
		Release|Any CPU = Release|Any CPU
	EndGlobalSection
	GlobalSection(ProjectConfigurationPlatforms) = postSolution
		{8407DAA7-47DC-4724-AA14-FD3A442B48B6}.Debug|Any CPU.ActiveCfg = Debug|Any CPU
		{8407DAA7-47DC-4724-AA14-FD3A442B48B6}.Debug|Any CPU.Build.0 = Debug|Any CPU
		{8407DAA7-47DC-4724-AA14-FD3A442B48B6}.Release|Any CPU.ActiveCfg = Release|Any CPU
		{8407DAA7-47DC-4724-AA14-FD3A442B48B6}.Release|Any CPU.Build.0 = Release|Any CPU
	EndGlobalSection
	GlobalSection(SolutionProperties) = preSolution
		HideSolutionNode = FALSE
	EndGlobalSection
	GlobalSection(ExtensibilityGlobals) = postSolution
		SolutionGuid = {5169A608-FCF3-444B-B97C-8CC2EAA585D5}
	EndGlobalSection
EndGlobal
