
Microsoft Visual Studio Solution File, Format Version 12.00
# Visual Studio Version 17
VisualStudioVersion = 17.0.32014.148
MinimumVisualStudioVersion = 10.0.40219.1
Project("{FAE04EC0-301F-11D3-BF4B-00C04F79EFBC}") = "ADO", "ADO\ADO.csproj", "{D78D7AA1-FAD1-480D-816A-2082580A132A}"
EndProject
Global
	GlobalSection(SolutionConfigurationPlatforms) = preSolution
		Debug|Any CPU = Debug|Any CPU
		Release|Any CPU = Release|Any CPU
	EndGlobalSection
	GlobalSection(ProjectConfigurationPlatforms) = postSolution
		{D78D7AA1-FAD1-480D-816A-2082580A132A}.Debug|Any CPU.ActiveCfg = Debug|Any CPU
		{D78D7AA1-FAD1-480D-816A-2082580A132A}.Debug|Any CPU.Build.0 = Debug|Any CPU
		{D78D7AA1-FAD1-480D-816A-2082580A132A}.Release|Any CPU.ActiveCfg = Release|Any CPU
		{D78D7AA1-FAD1-480D-816A-2082580A132A}.Release|Any CPU.Build.0 = Release|Any CPU
	EndGlobalSection
	GlobalSection(SolutionProperties) = preSolution
		HideSolutionNode = FALSE
	EndGlobalSection
	GlobalSection(ExtensibilityGlobals) = postSolution
		SolutionGuid = {B5848E5E-2743-45D1-8720-4283D4B8DFC4}
	EndGlobalSection
EndGlobal
