
Microsoft Visual Studio Solution File, Format Version 12.00
# Visual Studio Version 17
VisualStudioVersion = 17.0.32014.148
MinimumVisualStudioVersion = 10.0.40219.1
Project("{FAE04EC0-301F-11D3-BF4B-00C04F79EFBC}") = "IntroductionCS", "IntroductionCS\IntroductionCS.csproj", "{C8324604-BFE5-40E3-B0ED-8DB285175AD3}"
EndProject
Global
	GlobalSection(SolutionConfigurationPlatforms) = preSolution
		Debug|Any CPU = Debug|Any CPU
		Release|Any CPU = Release|Any CPU
	EndGlobalSection
	GlobalSection(ProjectConfigurationPlatforms) = postSolution
		{C8324604-BFE5-40E3-B0ED-8DB285175AD3}.Debug|Any CPU.ActiveCfg = Debug|Any CPU
		{C8324604-BFE5-40E3-B0ED-8DB285175AD3}.Debug|Any CPU.Build.0 = Debug|Any CPU
		{C8324604-BFE5-40E3-B0ED-8DB285175AD3}.Release|Any CPU.ActiveCfg = Release|Any CPU
		{C8324604-BFE5-40E3-B0ED-8DB285175AD3}.Release|Any CPU.Build.0 = Release|Any CPU
	EndGlobalSection
	GlobalSection(SolutionProperties) = preSolution
		HideSolutionNode = FALSE
	EndGlobalSection
	GlobalSection(ExtensibilityGlobals) = postSolution
		SolutionGuid = {E35129CA-28DF-42B8-A6F5-D8FEA3DA026E}
	EndGlobalSection
EndGlobal
